
Microsoft Visual Studio Solution File, Format Version 12.00
# Visual Studio Version 16
VisualStudioVersion = 16.0.29324.140
MinimumVisualStudioVersion = 15.0.26124.0
Project("{9A19103F-16F7-4668-BE54-9A1E7A4F7556}") = "InvokePowerShell", "InvokePowerShell\InvokePowerShell.csproj", "{637336A1-CFEA-4C03-B805-1137E99E9A63}"
EndProject
Project("{9A19103F-16F7-4668-BE54-9A1E7A4F7556}") = "ConcurrencyDbContext.WS", "ConcurrencyDbContext.WS\ConcurrencyDbContext.WS.csproj", "{5B3B7547-5F1B-4CBD-9359-AE2AE5D63E21}"
EndProject
Project("{FAE04EC0-301F-11D3-BF4B-00C04F79EFBC}") = "ConcurrencyDbContext.Client", "ConcurrencyDbContext.Client\ConcurrencyDbContext.Client.csproj", "{A82B07B0-424E-43FE-8671-62BDB5117C0D}"
EndProject
Global
	GlobalSection(SolutionConfigurationPlatforms) = preSolution
		Debug|Any CPU = Debug|Any CPU
		Debug|x64 = Debug|x64
		Debug|x86 = Debug|x86
		Release|Any CPU = Release|Any CPU
		Release|x64 = Release|x64
		Release|x86 = Release|x86
	EndGlobalSection
	GlobalSection(ProjectConfigurationPlatforms) = postSolution
		{637336A1-CFEA-4C03-B805-1137E99E9A63}.Debug|Any CPU.ActiveCfg = Debug|Any CPU
		{637336A1-CFEA-4C03-B805-1137E99E9A63}.Debug|Any CPU.Build.0 = Debug|Any CPU
		{637336A1-CFEA-4C03-B805-1137E99E9A63}.Debug|x64.ActiveCfg = Debug|Any CPU
		{637336A1-CFEA-4C03-B805-1137E99E9A63}.Debug|x64.Build.0 = Debug|Any CPU
		{637336A1-CFEA-4C03-B805-1137E99E9A63}.Debug|x86.ActiveCfg = Debug|Any CPU
		{637336A1-CFEA-4C03-B805-1137E99E9A63}.Debug|x86.Build.0 = Debug|Any CPU
		{637336A1-CFEA-4C03-B805-1137E99E9A63}.Release|Any CPU.ActiveCfg = Release|Any CPU
		{637336A1-CFEA-4C03-B805-1137E99E9A63}.Release|Any CPU.Build.0 = Release|Any CPU
		{637336A1-CFEA-4C03-B805-1137E99E9A63}.Release|x64.ActiveCfg = Release|Any CPU
		{637336A1-CFEA-4C03-B805-1137E99E9A63}.Release|x64.Build.0 = Release|Any CPU
		{637336A1-CFEA-4C03-B805-1137E99E9A63}.Release|x86.ActiveCfg = Release|Any CPU
		{637336A1-CFEA-4C03-B805-1137E99E9A63}.Release|x86.Build.0 = Release|Any CPU
		{5B3B7547-5F1B-4CBD-9359-AE2AE5D63E21}.Debug|Any CPU.ActiveCfg = Debug|Any CPU
		{5B3B7547-5F1B-4CBD-9359-AE2AE5D63E21}.Debug|Any CPU.Build.0 = Debug|Any CPU
		{5B3B7547-5F1B-4CBD-9359-AE2AE5D63E21}.Debug|x64.ActiveCfg = Debug|Any CPU
		{5B3B7547-5F1B-4CBD-9359-AE2AE5D63E21}.Debug|x64.Build.0 = Debug|Any CPU
		{5B3B7547-5F1B-4CBD-9359-AE2AE5D63E21}.Debug|x86.ActiveCfg = Debug|Any CPU
		{5B3B7547-5F1B-4CBD-9359-AE2AE5D63E21}.Debug|x86.Build.0 = Debug|Any CPU
		{5B3B7547-5F1B-4CBD-9359-AE2AE5D63E21}.Release|Any CPU.ActiveCfg = Release|Any CPU
		{5B3B7547-5F1B-4CBD-9359-AE2AE5D63E21}.Release|Any CPU.Build.0 = Release|Any CPU
		{5B3B7547-5F1B-4CBD-9359-AE2AE5D63E21}.Release|x64.ActiveCfg = Release|Any CPU
		{5B3B7547-5F1B-4CBD-9359-AE2AE5D63E21}.Release|x64.Build.0 = Release|Any CPU
		{5B3B7547-5F1B-4CBD-9359-AE2AE5D63E21}.Release|x86.ActiveCfg = Release|Any CPU
		{5B3B7547-5F1B-4CBD-9359-AE2AE5D63E21}.Release|x86.Build.0 = Release|Any CPU
		{A82B07B0-424E-43FE-8671-62BDB5117C0D}.Debug|Any CPU.ActiveCfg = Debug|Any CPU
		{A82B07B0-424E-43FE-8671-62BDB5117C0D}.Debug|Any CPU.Build.0 = Debug|Any CPU
		{A82B07B0-424E-43FE-8671-62BDB5117C0D}.Debug|x64.ActiveCfg = Debug|Any CPU
		{A82B07B0-424E-43FE-8671-62BDB5117C0D}.Debug|x64.Build.0 = Debug|Any CPU
		{A82B07B0-424E-43FE-8671-62BDB5117C0D}.Debug|x86.ActiveCfg = Debug|Any CPU
		{A82B07B0-424E-43FE-8671-62BDB5117C0D}.Debug|x86.Build.0 = Debug|Any CPU
		{A82B07B0-424E-43FE-8671-62BDB5117C0D}.Release|Any CPU.ActiveCfg = Release|Any CPU
		{A82B07B0-424E-43FE-8671-62BDB5117C0D}.Release|Any CPU.Build.0 = Release|Any CPU
		{A82B07B0-424E-43FE-8671-62BDB5117C0D}.Release|x64.ActiveCfg = Release|Any CPU
		{A82B07B0-424E-43FE-8671-62BDB5117C0D}.Release|x64.Build.0 = Release|Any CPU
		{A82B07B0-424E-43FE-8671-62BDB5117C0D}.Release|x86.ActiveCfg = Release|Any CPU
		{A82B07B0-424E-43FE-8671-62BDB5117C0D}.Release|x86.Build.0 = Release|Any CPU
	EndGlobalSection
	GlobalSection(SolutionProperties) = preSolution
		HideSolutionNode = FALSE
	EndGlobalSection
	GlobalSection(ExtensibilityGlobals) = postSolution
		SolutionGuid = {84AB97C2-3664-4F34-9A89-BCC8B9616AF2}
	EndGlobalSection
EndGlobal
